
Microsoft Visual Studio Solution File, Format Version 12.00
# Visual Studio Version 16
VisualStudioVersion = 16.0.30907.101
MinimumVisualStudioVersion = 10.0.40219.1
Project("{9A19103F-16F7-4668-BE54-9A1E7A4F7556}") = "TrainingPortal", "TrainingPortal\TrainingPortal.csproj", "{7A5A7FE5-17BB-49DD-ACBA-1DD3D1329B6C}"
EndProject
Project("{9A19103F-16F7-4668-BE54-9A1E7A4F7556}") = "TrainingPortal.DAL", "TrainingPortal.DAL\TrainingPortal.DAL.csproj", "{1A5E3418-AC90-4BB8-9A6A-8C0E75FD2375}"
EndProject
Project("{9A19103F-16F7-4668-BE54-9A1E7A4F7556}") = "TrainingPortal.BLL", "TrainingPortal.BLL\TrainingPortal.BLL.csproj", "{ABA8E31F-B27D-4BCE-818B-D21ABA76979E}"
EndProject
Project("{9A19103F-16F7-4668-BE54-9A1E7A4F7556}") = "TrainingPortal.Common", "TrainingPortal.Common\TrainingPortal.Common.csproj", "{006E9B7E-12AF-4D41-B7E2-5F4E2D684159}"
EndProject
Project("{9A19103F-16F7-4668-BE54-9A1E7A4F7556}") = "TrainingPortal.DI", "TrainingPortal.DI\TrainingPortal.DI.csproj", "{11FE76C1-4093-4354-AAF9-93AC485D7EBB}"
EndProject
Global
	GlobalSection(SolutionConfigurationPlatforms) = preSolution
		Debug|Any CPU = Debug|Any CPU
		Release|Any CPU = Release|Any CPU
	EndGlobalSection
	GlobalSection(ProjectConfigurationPlatforms) = postSolution
		{7A5A7FE5-17BB-49DD-ACBA-1DD3D1329B6C}.Debug|Any CPU.ActiveCfg = Debug|Any CPU
		{7A5A7FE5-17BB-49DD-ACBA-1DD3D1329B6C}.Debug|Any CPU.Build.0 = Debug|Any CPU
		{7A5A7FE5-17BB-49DD-ACBA-1DD3D1329B6C}.Release|Any CPU.ActiveCfg = Release|Any CPU
		{7A5A7FE5-17BB-49DD-ACBA-1DD3D1329B6C}.Release|Any CPU.Build.0 = Release|Any CPU
		{1A5E3418-AC90-4BB8-9A6A-8C0E75FD2375}.Debug|Any CPU.ActiveCfg = Debug|Any CPU
		{1A5E3418-AC90-4BB8-9A6A-8C0E75FD2375}.Debug|Any CPU.Build.0 = Debug|Any CPU
		{1A5E3418-AC90-4BB8-9A6A-8C0E75FD2375}.Release|Any CPU.ActiveCfg = Release|Any CPU
		{1A5E3418-AC90-4BB8-9A6A-8C0E75FD2375}.Release|Any CPU.Build.0 = Release|Any CPU
		{ABA8E31F-B27D-4BCE-818B-D21ABA76979E}.Debug|Any CPU.ActiveCfg = Debug|Any CPU
		{ABA8E31F-B27D-4BCE-818B-D21ABA76979E}.Debug|Any CPU.Build.0 = Debug|Any CPU
		{ABA8E31F-B27D-4BCE-818B-D21ABA76979E}.Release|Any CPU.ActiveCfg = Release|Any CPU
		{ABA8E31F-B27D-4BCE-818B-D21ABA76979E}.Release|Any CPU.Build.0 = Release|Any CPU
		{006E9B7E-12AF-4D41-B7E2-5F4E2D684159}.Debug|Any CPU.ActiveCfg = Debug|Any CPU
		{006E9B7E-12AF-4D41-B7E2-5F4E2D684159}.Debug|Any CPU.Build.0 = Debug|Any CPU
		{006E9B7E-12AF-4D41-B7E2-5F4E2D684159}.Release|Any CPU.ActiveCfg = Release|Any CPU
		{006E9B7E-12AF-4D41-B7E2-5F4E2D684159}.Release|Any CPU.Build.0 = Release|Any CPU
		{11FE76C1-4093-4354-AAF9-93AC485D7EBB}.Debug|Any CPU.ActiveCfg = Debug|Any CPU
		{11FE76C1-4093-4354-AAF9-93AC485D7EBB}.Debug|Any CPU.Build.0 = Debug|Any CPU
		{11FE76C1-4093-4354-AAF9-93AC485D7EBB}.Release|Any CPU.ActiveCfg = Release|Any CPU
		{11FE76C1-4093-4354-AAF9-93AC485D7EBB}.Release|Any CPU.Build.0 = Release|Any CPU
	EndGlobalSection
	GlobalSection(SolutionProperties) = preSolution
		HideSolutionNode = FALSE
	EndGlobalSection
	GlobalSection(ExtensibilityGlobals) = postSolution
		SolutionGuid = {6C022C48-FC13-4665-934A-99635B34CCC7}
	EndGlobalSection
EndGlobal
